
Microsoft Visual Studio Solution File, Format Version 12.00
# Visual Studio Version 16
VisualStudioVersion = 16.0.29503.13
MinimumVisualStudioVersion = 10.0.40219.1
Project("{FAE04EC0-301F-11D3-BF4B-00C04F79EFBC}") = "QuoteOfTheDay", "QuoteOfTheDay.csproj", "{1C49951B-DFE2-40B5-B709-F407C2957A17}"
EndProject
Global
	GlobalSection(SolutionConfigurationPlatforms) = preSolution
		Debug|Any CPU = Debug|Any CPU
		Release|Any CPU = Release|Any CPU
	EndGlobalSection
	GlobalSection(ProjectConfigurationPlatforms) = postSolution
		{1C49951B-DFE2-40B5-B709-F407C2957A17}.Debug|Any CPU.ActiveCfg = Debug|Any CPU
		{1C49951B-DFE2-40B5-B709-F407C2957A17}.Debug|Any CPU.Build.0 = Debug|Any CPU
		{1C49951B-DFE2-40B5-B709-F407C2957A17}.Release|Any CPU.ActiveCfg = Release|Any CPU
		{1C49951B-DFE2-40B5-B709-F407C2957A17}.Release|Any CPU.Build.0 = Release|Any CPU
	EndGlobalSection
	GlobalSection(SolutionProperties) = preSolution
		HideSolutionNode = FALSE
	EndGlobalSection
	GlobalSection(ExtensibilityGlobals) = postSolution
		SolutionGuid = {526AF5FC-B971-448F-A552-CB476071B698}
	EndGlobalSection
EndGlobal
